
Microsoft Visual Studio Solution File, Format Version 12.00
# Visual Studio Version 17
VisualStudioVersion = 17.1.32228.430
MinimumVisualStudioVersion = 10.0.40219.1
Project("{9A19103F-16F7-4668-BE54-9A1E7A4F7556}") = "ParkingManagerAPI", "ParkingManagerAPI\ParkingManagerAPI.csproj", "{0F8340E2-1D9A-46B4-9518-915D01AEDAD1}"
EndProject
Project("{9A19103F-16F7-4668-BE54-9A1E7A4F7556}") = "ParkingManager.DataLayer", "ParkingManager.DataLayer\ParkingManager.DataLayer.csproj", "{6D1BD318-13D1-4BA7-870D-F92727795F76}"
EndProject
Project("{2150E333-8FDC-42A3-9474-1A3956D46DE8}") = "Solution Items", "Solution Items", "{73B01019-4A24-4ACA-90FF-42C14E6893C4}"
	ProjectSection(SolutionItems) = preProject
		.editorconfig = .editorconfig
	EndProjectSection
EndProject
Global
	GlobalSection(SolutionConfigurationPlatforms) = preSolution
		Debug|Any CPU = Debug|Any CPU
		Release|Any CPU = Release|Any CPU
	EndGlobalSection
	GlobalSection(ProjectConfigurationPlatforms) = postSolution
		{0F8340E2-1D9A-46B4-9518-915D01AEDAD1}.Debug|Any CPU.ActiveCfg = Debug|Any CPU
		{0F8340E2-1D9A-46B4-9518-915D01AEDAD1}.Debug|Any CPU.Build.0 = Debug|Any CPU
		{0F8340E2-1D9A-46B4-9518-915D01AEDAD1}.Release|Any CPU.ActiveCfg = Release|Any CPU
		{0F8340E2-1D9A-46B4-9518-915D01AEDAD1}.Release|Any CPU.Build.0 = Release|Any CPU
		{6D1BD318-13D1-4BA7-870D-F92727795F76}.Debug|Any CPU.ActiveCfg = Debug|Any CPU
		{6D1BD318-13D1-4BA7-870D-F92727795F76}.Debug|Any CPU.Build.0 = Debug|Any CPU
		{6D1BD318-13D1-4BA7-870D-F92727795F76}.Release|Any CPU.ActiveCfg = Release|Any CPU
		{6D1BD318-13D1-4BA7-870D-F92727795F76}.Release|Any CPU.Build.0 = Release|Any CPU
	EndGlobalSection
	GlobalSection(SolutionProperties) = preSolution
		HideSolutionNode = FALSE
	EndGlobalSection
	GlobalSection(ExtensibilityGlobals) = postSolution
		SolutionGuid = {B9B19E03-80C1-4E57-998B-AEDEA2418405}
	EndGlobalSection
EndGlobal
